# This file is generated by running "yarn install" inside your project.
# Manual changes might be lost - proceed with caution!

__metadata:
  version: 6

"bridge@workspace:packages/bridge":
  version: 0.0.0-use.local
  resolution: "bridge@workspace:packages/bridge"
  languageName: unknown
  linkType: soft

"cli@workspace:packages/cli":
  version: 0.0.0-use.local
  resolution: "cli@workspace:packages/cli"
  languageName: unknown
  linkType: soft

"client@workspace:packages/client":
  version: 0.0.0-use.local
  resolution: "client@workspace:packages/client"
  languageName: unknown
  linkType: soft

"orochi-monorepo@workspace:.":
  version: 0.0.0-use.local
  resolution: "orochi-monorepo@workspace:."
  languageName: unknown
  linkType: soft

"sidechain@workspace:packages/sidechain":
  version: 0.0.0-use.local
  resolution: "sidechain@workspace:packages/sidechain"
  languageName: unknown
  linkType: soft
